{
  "requires": true,
  "lockfileVersion": 1,
  "dependencies": {
    "cordova-plugin-battery-status": {
      "version": "1.2.5",
      "resolved": "https://registry.npmjs.org/cordova-plugin-battery-status/-/cordova-plugin-battery-status-1.2.5.tgz",
      "integrity": "sha512-SCik1Brm05uKGWnYuL/mibL7Ab6d/RTp8Gda5y8O8N1q5ZATa6TUnp7gcsBx07V6QQ/5RiCd1Z2bkPIVyJGK9A==",
      "dev": true
    },
    "cordova-plugin-camera": {
      "version": "2.4.1",
      "resolved": "https://registry.npmjs.org/cordova-plugin-camera/-/cordova-plugin-camera-2.4.1.tgz",
      "integrity": "sha512-sBahi2iZ1pNc2xarpoHmuIWL6jrf2NmSG27JajUXJ5C7+zEkiJIi2Lf5e4RPwSFf7Xeg9k6mLdmmIvvhI/6RLg==",
      "dev": true
    },
    "cordova-plugin-compat": {
      "version": "1.2.0",
      "resolved": "https://registry.npmjs.org/cordova-plugin-compat/-/cordova-plugin-compat-1.2.0.tgz",
      "integrity": "sha512-TYN/aPjuU845R+7l2vUxmLji3Y4Y1kJrvPvi+GlPQ+jTIsfiVSL//PMvKEr9SC7m6b7t0LUMoJN3Fng0s8giGQ=="
    },
    "cordova-plugin-device": {
      "version": "1.1.7",
      "resolved": "https://registry.npmjs.org/cordova-plugin-device/-/cordova-plugin-device-1.1.7.tgz",
      "integrity": "sha512-zrdQGmO6kZVwuil4JKL+/dQTu8KYJKxAiFSF/cUddnsqrmcKYRSxbj1nsbzOS+aSEcXFKMWuOpNrIU33AoZ+3w==",
      "dev": true
    },
    "cordova-plugin-dialogs": {
      "version": "1.3.4",
      "resolved": "https://registry.npmjs.org/cordova-plugin-dialogs/-/cordova-plugin-dialogs-1.3.4.tgz",
      "integrity": "sha512-mWB6FDOJFB4wtho3pEIei9qVBDwQx3eXJ+aa2su65eFQHXZqlDhZLkwa5PbT9horkKNro3czrNMOnxyGBlPEwg==",
      "dev": true
    },
    "cordova-plugin-file": {
      "version": "4.3.3",
      "resolved": "https://registry.npmjs.org/cordova-plugin-file/-/cordova-plugin-file-4.3.3.tgz",
      "integrity": "sha512-VrmBcB+oKHYill481tdXkTV+7pkzSyKmVs6EFd+DT0qjDnztDs/7Taz04Nol5cqzFShaS1dIXCHT5x5MGl8dxQ==",
      "dev": true
    },
    "cordova-plugin-geolocation": {
      "version": "2.4.3",
      "resolved": "https://registry.npmjs.org/cordova-plugin-geolocation/-/cordova-plugin-geolocation-2.4.3.tgz",
      "integrity": "sha512-Dii/K85KtFHXGgjqCtv1439lqVjSeV6oRBgVYu0scpq6sHiJ4nbYT4ZHeIPjTF0t8ydpOrtq3BR7DuAXgxjj4A==",
      "dev": true
    },
    "cordova-plugin-globalization": {
      "version": "1.0.9",
      "resolved": "https://registry.npmjs.org/cordova-plugin-globalization/-/cordova-plugin-globalization-1.0.9.tgz",
      "integrity": "sha512-UFcm2kh4txouUQe28tLs+LLsi/Y/iZ/YgGO/DENpZ4wO3tLAdVAU3tg3aP3TL+b+kdwWu/ZVwOImocNFk7HBkQ==",
      "dev": true
    },
    "cordova-plugin-inappbrowser": {
      "version": "1.7.2",
      "resolved": "https://registry.npmjs.org/cordova-plugin-inappbrowser/-/cordova-plugin-inappbrowser-1.7.2.tgz",
      "integrity": "sha512-dRpNuzkV/Kc8GbRKnarAGn4bqsAv0Dh2nZUtn/bx39BqJhTFmdykSi5PGu+XjXzpIcTAXy3Ozfpj5WoKc2GRIw==",
      "dev": true
    },
    "cordova-plugin-media-capture": {
      "version": "1.4.3",
      "resolved": "https://registry.npmjs.org/cordova-plugin-media-capture/-/cordova-plugin-media-capture-1.4.3.tgz",
      "integrity": "sha512-3QI5Hd6sXR/q7uVSCnPwagIWk1yASl35pnV5oGe/K2BOAxvrLrZX76sMudAQpAhY3zs+L7pPTJi9OO9T8x5kmw==",
      "dev": true
    },
    "cordova-plugin-network-information": {
      "version": "1.3.4",
      "resolved": "https://registry.npmjs.org/cordova-plugin-network-information/-/cordova-plugin-network-information-1.3.4.tgz",
      "integrity": "sha512-M1a9zJ06sghc7zFQTWxEenpBde4BM8Dd5n3YGJ9xV1S46x38rjkSSWKyf+d6BkmrfYzwRK7y+6lr5qgJ94XoXg==",
      "dev": true
    },
    "cordova-plugin-vibration": {
      "version": "2.1.6",
      "resolved": "https://registry.npmjs.org/cordova-plugin-vibration/-/cordova-plugin-vibration-2.1.6.tgz",
      "integrity": "sha512-lompSUM7i2nTvT3v1i7xaUizigUmT15v+GqUeR7UeWDWmi/z8FqsxhGdLSINxEiwlihXP+9QcqXO8nXx2ypGLQ==",
      "dev": true
    }
  }
}
